// !$*UTF8*$!
{
	archiveVersion = 1;
	classes = {
	};
	objectVersion = 55;
	objects = {

/* Begin PBXBuildFile section */
		74BCCA2E2989801E005A92D1 /* MelodyMindApp.swift in Sources */ = {isa = PBXBuildFile; fileRef = 74BCCA2D2989801E005A92D1 /* MelodyMindApp.swift */; };
		74BCCA302989801E005A92D1 /* ContentView.swift in Sources */ = {isa = PBXBuildFile; fileRef = 74BCCA2F2989801E005A92D1 /* ContentView.swift */; };
		74BCCA322989801F005A92D1 /* Assets.xcassets in Resources */ = {isa = PBXBuildFile; fileRef = 74BCCA312989801F005A92D1 /* Assets.xcassets */; };
		74BCCA352989801F005A92D1 /* Preview Assets.xcassets in Resources */ = {isa = PBXBuildFile; fileRef = 74BCCA342989801F005A92D1 /* Preview Assets.xcassets */; };
		74BCCA3F29898020005A92D1 /* MelodyMindTests.swift in Sources */ = {isa = PBXBuildFile; fileRef = 74BCCA3E29898020005A92D1 /* MelodyMindTests.swift */; };
		74BCCA4929898020005A92D1 /* MelodyMindUITests.swift in Sources */ = {isa = PBXBuildFile; fileRef = 74BCCA4829898020005A92D1 /* MelodyMindUITests.swift */; };
		74BCCA4B29898020005A92D1 /* MelodyMindUITestsLaunchTests.swift in Sources */ = {isa = PBXBuildFile; fileRef = 74BCCA4A29898020005A92D1 /* MelodyMindUITestsLaunchTests.swift */; };
/* End PBXBuildFile section */

/* Begin PBXContainerItemProxy section */
		74BCCA3B29898020005A92D1 /* PBXContainerItemProxy */ = {
			isa = PBXContainerItemProxy;
			containerPortal = 74BCCA222989801E005A92D1 /* Project object */;
			proxyType = 1;
			remoteGlobalIDString = 74BCCA292989801E005A92D1;
			remoteInfo = MelodyMind;
		};
		74BCCA4529898020005A92D1 /* PBXContainerItemProxy */ = {
			isa = PBXContainerItemProxy;
			containerPortal = 74BCCA222989801E005A92D1 /* Project object */;
			proxyType = 1;
			remoteGlobalIDString = 74BCCA292989801E005A92D1;
			remoteInfo = MelodyMind;
		};
/* End PBXContainerItemProxy section */

/* Begin PBXFileReference section */
		74BCCA2A2989801E005A92D1 /* MelodyMind.app */ = {isa = PBXFileReference; explicitFileType = wrapper.application; includeInIndex = 0; path = MelodyMind.app; sourceTree = BUILT_PRODUCTS_DIR; };
		74BCCA2D2989801E005A92D1 /* MelodyMindApp.swift */ = {isa = PBXFileReference; lastKnownFileType = sourcecode.swift; path = MelodyMindApp.swift; sourceTree = "<group>"; };
		74BCCA2F2989801E005A92D1 /* ContentView.swift */ = {isa = PBXFileReference; lastKnownFileType = sourcecode.swift; path = ContentView.swift; sourceTree = "<group>"; };
		74BCCA312989801F005A92D1 /* Assets.xcassets */ = {isa = PBXFileReference; lastKnownFileType = folder.assetcatalog; path = Assets.xcassets; sourceTree = "<group>"; };
		74BCCA342989801F005A92D1 /* Preview Assets.xcassets */ = {isa = PBXFileReference; lastKnownFileType = folder.assetcatalog; path = "Preview Assets.xcassets"; sourceTree = "<group>"; };
		74BCCA3A29898020005A92D1 /* MelodyMindTests.xctest */ = {isa = PBXFileReference; explicitFileType = wrapper.cfbundle; includeInIndex = 0; path = MelodyMindTests.xctest; sourceTree = BUILT_PRODUCTS_DIR; };
		74BCCA3E29898020005A92D1 /* MelodyMindTests.swift */ = {isa = PBXFileReference; lastKnownFileType = sourcecode.swift; path = MelodyMindTests.swift; sourceTree = "<group>"; };
		74BCCA4429898020005A92D1 /* MelodyMindUITests.xctest */ = {isa = PBXFileReference; explicitFileType = wrapper.cfbundle; includeInIndex = 0; path = MelodyMindUITests.xctest; sourceTree = BUILT_PRODUCTS_DIR; };
		74BCCA4829898020005A92D1 /* MelodyMindUITests.swift */ = {isa = PBXFileReference; lastKnownFileType = sourcecode.swift; path = MelodyMindUITests.swift; sourceTree = "<group>"; };
		74BCCA4A29898020005A92D1 /* MelodyMindUITestsLaunchTests.swift */ = {isa = PBXFileReference; lastKnownFileType = sourcecode.swift; path = MelodyMindUITestsLaunchTests.swift; sourceTree = "<group>"; };
/* End PBXFileReference section */

/* Begin PBXFrameworksBuildPhase section */
		74BCCA272989801E005A92D1 /* Frameworks */ = {
			isa = PBXFrameworksBuildPhase;
			buildActionMask = 2147483647;
			files = (
			);
			runOnlyForDeploymentPostprocessing = 0;
		};
		74BCCA3729898020005A92D1 /* Frameworks */ = {
			isa = PBXFrameworksBuildPhase;
			buildActionMask = 2147483647;
			files = (
			);
			runOnlyForDeploymentPostprocessing = 0;
		};
		74BCCA4129898020005A92D1 /* Frameworks */ = {
			isa = PBXFrameworksBuildPhase;
			buildActionMask = 2147483647;
			files = (
			);
			runOnlyForDeploymentPostprocessing = 0;
		};
/* End PBXFrameworksBuildPhase section */

/* Begin PBXGroup section */
		74BCCA212989801E005A92D1 = {
			isa = PBXGroup;
			children = (
				74BCCA2C2989801E005A92D1 /* MelodyMind */,
				74BCCA3D29898020005A92D1 /* MelodyMindTests */,
				74BCCA4729898020005A92D1 /* MelodyMindUITests */,
				74BCCA2B2989801E005A92D1 /* Products */,
			);
			sourceTree = "<group>";
		};
		74BCCA2B2989801E005A92D1 /* Products */ = {
			isa = PBXGroup;
			children = (
				74BCCA2A2989801E005A92D1 /* MelodyMind.app */,
				74BCCA3A29898020005A92D1 /* MelodyMindTests.xctest */,
				74BCCA4429898020005A92D1 /* MelodyMindUITests.xctest */,
			);
			name = Products;
			sourceTree = "<group>";
		};
		74BCCA2C2989801E005A92D1 /* MelodyMind */ = {
			isa = PBXGroup;
			children = (
				74BCCA2D2989801E005A92D1 /* MelodyMindApp.swift */,
				74BCCA2F2989801E005A92D1 /* ContentView.swift */,
				74BCCA312989801F005A92D1 /* Assets.xcassets */,
				74BCCA332989801F005A92D1 /* Preview Content */,
			);
			path = MelodyMind;
			sourceTree = "<group>";
		};
		74BCCA332989801F005A92D1 /* Preview Content */ = {
			isa = PBXGroup;
			children = (
				74BCCA342989801F005A92D1 /* Preview Assets.xcassets */,
			);
			path = "Preview Content";
			sourceTree = "<group>";
		};
		74BCCA3D29898020005A92D1 /* MelodyMindTests */ = {
			isa = PBXGroup;
			children = (
				74BCCA3E29898020005A92D1 /* MelodyMindTests.swift */,
			);
			path = MelodyMindTests;
			sourceTree = "<group>";
		};
		74BCCA4729898020005A92D1 /* MelodyMindUITests */ = {
			isa = PBXGroup;
			children = (
				74BCCA4829898020005A92D1 /* MelodyMindUITests.swift */,
				74BCCA4A29898020005A92D1 /* MelodyMindUITestsLaunchTests.swift */,
			);
			path = MelodyMindUITests;
			sourceTree = "<group>";
		};
/* End PBXGroup section */

/* Begin PBXNativeTarget section */
		74BCCA292989801E005A92D1 /* MelodyMind */ = {
			isa = PBXNativeTarget;
			buildConfigurationList = 74BCCA4E29898020005A92D1 /* Build configuration list for PBXNativeTarget "MelodyMind" */;
			buildPhases = (
				74BCCA262989801E005A92D1 /* Sources */,
				74BCCA272989801E005A92D1 /* Frameworks */,
				74BCCA282989801E005A92D1 /* Resources */,
			);
			buildRules = (
			);
			dependencies = (
			);
			name = MelodyMind;
			productName = MelodyMind;
			productReference = 74BCCA2A2989801E005A92D1 /* MelodyMind.app */;
			productType = "com.apple.product-type.application";
		};
		74BCCA3929898020005A92D1 /* MelodyMindTests */ = {
			isa = PBXNativeTarget;
			buildConfigurationList = 74BCCA5129898020005A92D1 /* Build configuration list for PBXNativeTarget "MelodyMindTests" */;
			buildPhases = (
				74BCCA3629898020005A92D1 /* Sources */,
				74BCCA3729898020005A92D1 /* Frameworks */,
				74BCCA3829898020005A92D1 /* Resources */,
			);
			buildRules = (
			);
			dependencies = (
				74BCCA3C29898020005A92D1 /* PBXTargetDependency */,
			);
			name = MelodyMindTests;
			productName = MelodyMindTests;
			productReference = 74BCCA3A29898020005A92D1 /* MelodyMindTests.xctest */;
			productType = "com.apple.product-type.bundle.unit-test";
		};
		74BCCA4329898020005A92D1 /* MelodyMindUITests */ = {
			isa = PBXNativeTarget;
			buildConfigurationList = 74BCCA5429898020005A92D1 /* Build configuration list for PBXNativeTarget "MelodyMindUITests" */;
			buildPhases = (
				74BCCA4029898020005A92D1 /* Sources */,
				74BCCA4129898020005A92D1 /* Frameworks */,
				74BCCA4229898020005A92D1 /* Resources */,
			);
			buildRules = (
			);
			dependencies = (
				74BCCA4629898020005A92D1 /* PBXTargetDependency */,
			);
			name = MelodyMindUITests;
			productName = MelodyMindUITests;
			productReference = 74BCCA4429898020005A92D1 /* MelodyMindUITests.xctest */;
			productType = "com.apple.product-type.bundle.ui-testing";
		};
/* End PBXNativeTarget section */

/* Begin PBXProject section */
		74BCCA222989801E005A92D1 /* Project object */ = {
			isa = PBXProject;
			attributes = {
				BuildIndependentTargetsInParallel = 1;
				LastSwiftUpdateCheck = 1340;
				LastUpgradeCheck = 1340;
				TargetAttributes = {
					74BCCA292989801E005A92D1 = {
						CreatedOnToolsVersion = 13.4.1;
					};
					74BCCA3929898020005A92D1 = {
						CreatedOnToolsVersion = 13.4.1;
						TestTargetID = 74BCCA292989801E005A92D1;
					};
					74BCCA4329898020005A92D1 = {
						CreatedOnToolsVersion = 13.4.1;
						TestTargetID = 74BCCA292989801E005A92D1;
					};
				};
			};
			buildConfigurationList = 74BCCA252989801E005A92D1 /* Build configuration list for PBXProject "MelodyMind" */;
			compatibilityVersion = "Xcode 13.0";
			developmentRegion = en;
			hasScannedForEncodings = 0;
			knownRegions = (
				en,
				Base,
			);
			mainGroup = 74BCCA212989801E005A92D1;
			productRefGroup = 74BCCA2B2989801E005A92D1 /* Products */;
			projectDirPath = "";
			projectRoot = "";
			targets = (
				74BCCA292989801E005A92D1 /* MelodyMind */,
				74BCCA3929898020005A92D1 /* MelodyMindTests */,
				74BCCA4329898020005A92D1 /* MelodyMindUITests */,
			);
		};
/* End PBXProject section */

/* Begin PBXResourcesBuildPhase section */
		74BCCA282989801E005A92D1 /* Resources */ = {
			isa = PBXResourcesBuildPhase;
			buildActionMask = 2147483647;
			files = (
				74BCCA352989801F005A92D1 /* Preview Assets.xcassets in Resources */,
				74BCCA322989801F005A92D1 /* Assets.xcassets in Resources */,
			);
			runOnlyForDeploymentPostprocessing = 0;
		};
		74BCCA3829898020005A92D1 /* Resources */ = {
			isa = PBXResourcesBuildPhase;
			buildActionMask = 2147483647;
			files = (
			);
			runOnlyForDeploymentPostprocessing = 0;
		};
		74BCCA4229898020005A92D1 /* Resources */ = {
			isa = PBXResourcesBuildPhase;
			buildActionMask = 2147483647;
			files = (
			);
			runOnlyForDeploymentPostprocessing = 0;
		};
/* End PBXResourcesBuildPhase section */

/* Begin PBXSourcesBuildPhase section */
		74BCCA262989801E005A92D1 /* Sources */ = {
			isa = PBXSourcesBuildPhase;
			buildActionMask = 2147483647;
			files = (
				74BCCA302989801E005A92D1 /* ContentView.swift in Sources */,
				74BCCA2E2989801E005A92D1 /* MelodyMindApp.swift in Sources */,
			);
			runOnlyForDeploymentPostprocessing = 0;
		};
		74BCCA3629898020005A92D1 /* Sources */ = {
			isa = PBXSourcesBuildPhase;
			buildActionMask = 2147483647;
			files = (
				74BCCA3F29898020005A92D1 /* MelodyMindTests.swift in Sources */,
			);
			runOnlyForDeploymentPostprocessing = 0;
		};
		74BCCA4029898020005A92D1 /* Sources */ = {
			isa = PBXSourcesBuildPhase;
			buildActionMask = 2147483647;
			files = (
				74BCCA4B29898020005A92D1 /* MelodyMindUITestsLaunchTests.swift in Sources */,
				74BCCA4929898020005A92D1 /* MelodyMindUITests.swift in Sources */,
			);
			runOnlyForDeploymentPostprocessing = 0;
		};
/* End PBXSourcesBuildPhase section */

/* Begin PBXTargetDependency section */
		74BCCA3C29898020005A92D1 /* PBXTargetDependency */ = {
			isa = PBXTargetDependency;
			target = 74BCCA292989801E005A92D1 /* MelodyMind */;
			targetProxy = 74BCCA3B29898020005A92D1 /* PBXContainerItemProxy */;
		};
		74BCCA4629898020005A92D1 /* PBXTargetDependency */ = {
			isa = PBXTargetDependency;
			target = 74BCCA292989801E005A92D1 /* MelodyMind */;
			targetProxy = 74BCCA4529898020005A92D1 /* PBXContainerItemProxy */;
		};
/* End PBXTargetDependency section */

/* Begin XCBuildConfiguration section */
		74BCCA4C29898020005A92D1 /* Debug */ = {
			isa = XCBuildConfiguration;
			buildSettings = {
				ALWAYS_SEARCH_USER_PATHS = NO;
				CLANG_ANALYZER_NONNULL = YES;
				CLANG_ANALYZER_NUMBER_OBJECT_CONVERSION = YES_AGGRESSIVE;
				CLANG_CXX_LANGUAGE_STANDARD = "gnu++17";
				CLANG_ENABLE_MODULES = YES;
				CLANG_ENABLE_OBJC_ARC = YES;
				CLANG_ENABLE_OBJC_WEAK = YES;
				CLANG_WARN_BLOCK_CAPTURE_AUTORELEASING = YES;
				CLANG_WARN_BOOL_CONVERSION = YES;
				CLANG_WARN_COMMA = YES;
				CLANG_WARN_CONSTANT_CONVERSION = YES;
				CLANG_WARN_DEPRECATED_OBJC_IMPLEMENTATIONS = YES;
				CLANG_WARN_DIRECT_OBJC_ISA_USAGE = YES_ERROR;
				CLANG_WARN_DOCUMENTATION_COMMENTS = YES;
				CLANG_WARN_EMPTY_BODY = YES;
				CLANG_WARN_ENUM_CONVERSION = YES;
				CLANG_WARN_INFINITE_RECURSION = YES;
				CLANG_WARN_INT_CONVERSION = YES;
				CLANG_WARN_NON_LITERAL_NULL_CONVERSION = YES;
				CLANG_WARN_OBJC_IMPLICIT_RETAIN_SELF = YES;
				CLANG_WARN_OBJC_LITERAL_CONVERSION = YES;
				CLANG_WARN_OBJC_ROOT_CLASS = YES_ERROR;
				CLANG_WARN_QUOTED_INCLUDE_IN_FRAMEWORK_HEADER = YES;
				CLANG_WARN_RANGE_LOOP_ANALYSIS = YES;
				CLANG_WARN_STRICT_PROTOTYPES = YES;
				CLANG_WARN_SUSPICIOUS_MOVE = YES;
				CLANG_WARN_UNGUARDED_AVAILABILITY = YES_AGGRESSIVE;
				CLANG_WARN_UNREACHABLE_CODE = YES;
				CLANG_WARN__DUPLICATE_METHOD_MATCH = YES;
				COPY_PHASE_STRIP = NO;
				DEBUG_INFORMATION_FORMAT = dwarf;
				ENABLE_STRICT_OBJC_MSGSEND = YES;
				ENABLE_TESTABILITY = YES;
				GCC_C_LANGUAGE_STANDARD = gnu11;
				GCC_DYNAMIC_NO_PIC = NO;
				GCC_NO_COMMON_BLOCKS = YES;
				GCC_OPTIMIZATION_LEVEL = 0;
				GCC_PREPROCESSOR_DEFINITIONS = (
					"DEBUG=1",
					"$(inherited)",
				);
				GCC_WARN_64_TO_32_BIT_CONVERSION = YES;
				GCC_WARN_ABOUT_RETURN_TYPE = YES_ERROR;
				GCC_WARN_UNDECLARED_SELECTOR = YES;
				GCC_WARN_UNINITIALIZED_AUTOS = YES_AGGRESSIVE;
				GCC_WARN_UNUSED_FUNCTION = YES;
				GCC_WARN_UNUSED_VARIABLE = YES;
				IPHONEOS_DEPLOYMENT_TARGET = 15.5;
				MTL_ENABLE_DEBUG_INFO = INCLUDE_SOURCE;
				MTL_FAST_MATH = YES;
				ONLY_ACTIVE_ARCH = YES;
				SDKROOT = iphoneos;
				SWIFT_ACTIVE_COMPILATION_CONDITIONS = DEBUG;
				SWIFT_OPTIMIZATION_LEVEL = "-Onone";
			};
			name = Debug;
		};
		74BCCA4D29898020005A92D1 /* Release */ = {
			isa = XCBuildConfiguration;
			buildSettings = {
				ALWAYS_SEARCH_USER_PATHS = NO;
				CLANG_ANALYZER_NONNULL = YES;
				CLANG_ANALYZER_NUMBER_OBJECT_CONVERSION = YES_AGGRESSIVE;
				CLANG_CXX_LANGUAGE_STANDARD = "gnu++17";
				CLANG_ENABLE_MODULES = YES;
				CLANG_ENABLE_OBJC_ARC = YES;
				CLANG_ENABLE_OBJC_WEAK = YES;
				CLANG_WARN_BLOCK_CAPTURE_AUTORELEASING = YES;
				CLANG_WARN_BOOL_CONVERSION = YES;
				CLANG_WARN_COMMA = YES;
				CLANG_WARN_CONSTANT_CONVERSION = YES;
				CLANG_WARN_DEPRECATED_OBJC_IMPLEMENTATIONS = YES;
				CLANG_WARN_DIRECT_OBJC_ISA_USAGE = YES_ERROR;
				CLANG_WARN_DOCUMENTATION_COMMENTS = YES;
				CLANG_WARN_EMPTY_BODY = YES;
				CLANG_WARN_ENUM_CONVERSION = YES;
				CLANG_WARN_INFINITE_RECURSION = YES;
				CLANG_WARN_INT_CONVERSION = YES;
				CLANG_WARN_NON_LITERAL_NULL_CONVERSION = YES;
				CLANG_WARN_OBJC_IMPLICIT_RETAIN_SELF = YES;
				CLANG_WARN_OBJC_LITERAL_CONVERSION = YES;
				CLANG_WARN_OBJC_ROOT_CLASS = YES_ERROR;
				CLANG_WARN_QUOTED_INCLUDE_IN_FRAMEWORK_HEADER = YES;
				CLANG_WARN_RANGE_LOOP_ANALYSIS = YES;
				CLANG_WARN_STRICT_PROTOTYPES = YES;
				CLANG_WARN_SUSPICIOUS_MOVE = YES;
				CLANG_WARN_UNGUARDED_AVAILABILITY = YES_AGGRESSIVE;
				CLANG_WARN_UNREACHABLE_CODE = YES;
				CLANG_WARN__DUPLICATE_METHOD_MATCH = YES;
				COPY_PHASE_STRIP = NO;
				DEBUG_INFORMATION_FORMAT = "dwarf-with-dsym";
				ENABLE_NS_ASSERTIONS = NO;
				ENABLE_STRICT_OBJC_MSGSEND = YES;
				GCC_C_LANGUAGE_STANDARD = gnu11;
				GCC_NO_COMMON_BLOCKS = YES;
				GCC_WARN_64_TO_32_BIT_CONVERSION = YES;
				GCC_WARN_ABOUT_RETURN_TYPE = YES_ERROR;
				GCC_WARN_UNDECLARED_SELECTOR = YES;
				GCC_WARN_UNINITIALIZED_AUTOS = YES_AGGRESSIVE;
				GCC_WARN_UNUSED_FUNCTION = YES;
				GCC_WARN_UNUSED_VARIABLE = YES;
				IPHONEOS_DEPLOYMENT_TARGET = 15.5;
				MTL_ENABLE_DEBUG_INFO = NO;
				MTL_FAST_MATH = YES;
				SDKROOT = iphoneos;
				SWIFT_COMPILATION_MODE = wholemodule;
				SWIFT_OPTIMIZATION_LEVEL = "-O";
				VALIDATE_PRODUCT = YES;
			};
			name = Release;
		};
		74BCCA4F29898020005A92D1 /* Debug */ = {
			isa = XCBuildConfiguration;
			buildSettings = {
				ASSETCATALOG_COMPILER_APPICON_NAME = AppIcon;
				ASSETCATALOG_COMPILER_GLOBAL_ACCENT_COLOR_NAME = AccentColor;
				CODE_SIGN_STYLE = Automatic;
				CURRENT_PROJECT_VERSION = 1;
				DEVELOPMENT_ASSET_PATHS = "\"MelodyMind/Preview Content\"";
				DEVELOPMENT_TEAM = P7AFZ25SWP;
				ENABLE_PREVIEWS = YES;
				GENERATE_INFOPLIST_FILE = YES;
				INFOPLIST_KEY_UIApplicationSceneManifest_Generation = YES;
				INFOPLIST_KEY_UIApplicationSupportsIndirectInputEvents = YES;
				INFOPLIST_KEY_UILaunchScreen_Generation = YES;
				INFOPLIST_KEY_UISupportedInterfaceOrientations_iPad = "UIInterfaceOrientationPortrait UIInterfaceOrientationPortraitUpsideDown UIInterfaceOrientationLandscapeLeft UIInterfaceOrientationLandscapeRight";
				INFOPLIST_KEY_UISupportedInterfaceOrientations_iPhone = "UIInterfaceOrientationPortrait UIInterfaceOrientationLandscapeLeft UIInterfaceOrientationLandscapeRight";
				LD_RUNPATH_SEARCH_PATHS = (
					"$(inherited)",
					"@executable_path/Frameworks",
				);
				MARKETING_VERSION = 1.0;
				PRODUCT_BUNDLE_IDENTIFIER = "Fiorella-Ratti.MelodyMind";
				PRODUCT_NAME = "$(TARGET_NAME)";
				SWIFT_EMIT_LOC_STRINGS = YES;
				SWIFT_VERSION = 5.0;
				TARGETED_DEVICE_FAMILY = "1,2";
			};
			name = Debug;
		};
		74BCCA5029898020005A92D1 /* Release */ = {
			isa = XCBuildConfiguration;
			buildSettings = {
				ASSETCATALOG_COMPILER_APPICON_NAME = AppIcon;
				ASSETCATALOG_COMPILER_GLOBAL_ACCENT_COLOR_NAME = AccentColor;
				CODE_SIGN_STYLE = Automatic;
				CURRENT_PROJECT_VERSION = 1;
				DEVELOPMENT_ASSET_PATHS = "\"MelodyMind/Preview Content\"";
				DEVELOPMENT_TEAM = P7AFZ25SWP;
				ENABLE_PREVIEWS = YES;
				GENERATE_INFOPLIST_FILE = YES;
				INFOPLIST_KEY_UIApplicationSceneManifest_Generation = YES;
				INFOPLIST_KEY_UIApplicationSupportsIndirectInputEvents = YES;
				INFOPLIST_KEY_UILaunchScreen_Generation = YES;
				INFOPLIST_KEY_UISupportedInterfaceOrientations_iPad = "UIInterfaceOrientationPortrait UIInterfaceOrientationPortraitUpsideDown UIInterfaceOrientationLandscapeLeft UIInterfaceOrientationLandscapeRight";
				INFOPLIST_KEY_UISupportedInterfaceOrientations_iPhone = "UIInterfaceOrientationPortrait UIInterfaceOrientationLandscapeLeft UIInterfaceOrientationLandscapeRight";
				LD_RUNPATH_SEARCH_PATHS = (
					"$(inherited)",
					"@executable_path/Frameworks",
				);
				MARKETING_VERSION = 1.0;
				PRODUCT_BUNDLE_IDENTIFIER = "Fiorella-Ratti.MelodyMind";
				PRODUCT_NAME = "$(TARGET_NAME)";
				SWIFT_EMIT_LOC_STRINGS = YES;
				SWIFT_VERSION = 5.0;
				TARGETED_DEVICE_FAMILY = "1,2";
			};
			name = Release;
		};
		74BCCA5229898020005A92D1 /* Debug */ = {
			isa = XCBuildConfiguration;
			buildSettings = {
				ALWAYS_EMBED_SWIFT_STANDARD_LIBRARIES = YES;
				BUNDLE_LOADER = "$(TEST_HOST)";
				CODE_SIGN_STYLE = Automatic;
				CURRENT_PROJECT_VERSION = 1;
				DEVELOPMENT_TEAM = P7AFZ25SWP;
				GENERATE_INFOPLIST_FILE = YES;
				IPHONEOS_DEPLOYMENT_TARGET = 15.5;
				MARKETING_VERSION = 1.0;
				PRODUCT_BUNDLE_IDENTIFIER = "Fiorella-Ratti.MelodyMindTests";
				PRODUCT_NAME = "$(TARGET_NAME)";
				SWIFT_EMIT_LOC_STRINGS = NO;
				SWIFT_VERSION = 5.0;
				TARGETED_DEVICE_FAMILY = "1,2";
				TEST_HOST = "$(BUILT_PRODUCTS_DIR)/MelodyMind.app/MelodyMind";
			};
			name = Debug;
		};
		74BCCA5329898020005A92D1 /* Release */ = {
			isa = XCBuildConfiguration;
			buildSettings = {
				ALWAYS_EMBED_SWIFT_STANDARD_LIBRARIES = YES;
				BUNDLE_LOADER = "$(TEST_HOST)";
				CODE_SIGN_STYLE = Automatic;
				CURRENT_PROJECT_VERSION = 1;
				DEVELOPMENT_TEAM = P7AFZ25SWP;
				GENERATE_INFOPLIST_FILE = YES;
				IPHONEOS_DEPLOYMENT_TARGET = 15.5;
				MARKETING_VERSION = 1.0;
				PRODUCT_BUNDLE_IDENTIFIER = "Fiorella-Ratti.MelodyMindTests";
				PRODUCT_NAME = "$(TARGET_NAME)";
				SWIFT_EMIT_LOC_STRINGS = NO;
				SWIFT_VERSION = 5.0;
				TARGETED_DEVICE_FAMILY = "1,2";
				TEST_HOST = "$(BUILT_PRODUCTS_DIR)/MelodyMind.app/MelodyMind";
			};
			name = Release;
		};
		74BCCA5529898020005A92D1 /* Debug */ = {
			isa = XCBuildConfiguration;
			buildSettings = {
				ALWAYS_EMBED_SWIFT_STANDARD_LIBRARIES = YES;
				CODE_SIGN_STYLE = Automatic;
				CURRENT_PROJECT_VERSION = 1;
				DEVELOPMENT_TEAM = P7AFZ25SWP;
				GENERATE_INFOPLIST_FILE = YES;
				MARKETING_VERSION = 1.0;
				PRODUCT_BUNDLE_IDENTIFIER = "Fiorella-Ratti.MelodyMindUITests";
				PRODUCT_NAME = "$(TARGET_NAME)";
				SWIFT_EMIT_LOC_STRINGS = NO;
				SWIFT_VERSION = 5.0;
				TARGETED_DEVICE_FAMILY = "1,2";
				TEST_TARGET_NAME = MelodyMind;
			};
			name = Debug;
		};
		74BCCA5629898020005A92D1 /* Release */ = {
			isa = XCBuildConfiguration;
			buildSettings = {
				ALWAYS_EMBED_SWIFT_STANDARD_LIBRARIES = YES;
				CODE_SIGN_STYLE = Automatic;
				CURRENT_PROJECT_VERSION = 1;
				DEVELOPMENT_TEAM = P7AFZ25SWP;
				GENERATE_INFOPLIST_FILE = YES;
				MARKETING_VERSION = 1.0;
				PRODUCT_BUNDLE_IDENTIFIER = "Fiorella-Ratti.MelodyMindUITests";
				PRODUCT_NAME = "$(TARGET_NAME)";
				SWIFT_EMIT_LOC_STRINGS = NO;
				SWIFT_VERSION = 5.0;
				TARGETED_DEVICE_FAMILY = "1,2";
				TEST_TARGET_NAME = MelodyMind;
			};
			name = Release;
		};
/* End XCBuildConfiguration section */

/* Begin XCConfigurationList section */
		74BCCA252989801E005A92D1 /* Build configuration list for PBXProject "MelodyMind" */ = {
			isa = XCConfigurationList;
			buildConfigurations = (
				74BCCA4C29898020005A92D1 /* Debug */,
				74BCCA4D29898020005A92D1 /* Release */,
			);
			defaultConfigurationIsVisible = 0;
			defaultConfigurationName = Release;
		};
		74BCCA4E29898020005A92D1 /* Build configuration list for PBXNativeTarget "MelodyMind" */ = {
			isa = XCConfigurationList;
			buildConfigurations = (
				74BCCA4F29898020005A92D1 /* Debug */,
				74BCCA5029898020005A92D1 /* Release */,
			);
			defaultConfigurationIsVisible = 0;
			defaultConfigurationName = Release;
		};
		74BCCA5129898020005A92D1 /* Build configuration list for PBXNativeTarget "MelodyMindTests" */ = {
			isa = XCConfigurationList;
			buildConfigurations = (
				74BCCA5229898020005A92D1 /* Debug */,
				74BCCA5329898020005A92D1 /* Release */,
			);
			defaultConfigurationIsVisible = 0;
			defaultConfigurationName = Release;
		};
		74BCCA5429898020005A92D1 /* Build configuration list for PBXNativeTarget "MelodyMindUITests" */ = {
			isa = XCConfigurationList;
			buildConfigurations = (
				74BCCA5529898020005A92D1 /* Debug */,
				74BCCA5629898020005A92D1 /* Release */,
			);
			defaultConfigurationIsVisible = 0;
			defaultConfigurationName = Release;
		};
/* End XCConfigurationList section */
	};
	rootObject = 74BCCA222989801E005A92D1 /* Project object */;
}
